
Microsoft Visual Studio Solution File, Format Version 12.00
# Visual Studio 15
VisualStudioVersion = 15.0.27130.2010
MinimumVisualStudioVersion = 10.0.40219.1
Project("{8BC9CEB8-8B4A-11D0-8D11-00A0C91BC942}") = "Perfect Hashing", "Perfect Hashing\Perfect Hashing.vcxproj", "{6BCF4B27-E48B-48EB-8CAC-2FC74203BEEE}"
EndProject
Global
	GlobalSection(SolutionConfigurationPlatforms) = preSolution
		Debug|x64 = Debug|x64
		Debug|x86 = Debug|x86
		Release|x64 = Release|x64
		Release|x86 = Release|x86
	EndGlobalSection
	GlobalSection(ProjectConfigurationPlatforms) = postSolution
		{6BCF4B27-E48B-48EB-8CAC-2FC74203BEEE}.Debug|x64.ActiveCfg = Debug|x64
		{6BCF4B27-E48B-48EB-8CAC-2FC74203BEEE}.Debug|x64.Build.0 = Debug|x64
		{6BCF4B27-E48B-48EB-8CAC-2FC74203BEEE}.Debug|x86.ActiveCfg = Debug|Win32
		{6BCF4B27-E48B-48EB-8CAC-2FC74203BEEE}.Debug|x86.Build.0 = Debug|Win32
		{6BCF4B27-E48B-48EB-8CAC-2FC74203BEEE}.Release|x64.ActiveCfg = Release|x64
		{6BCF4B27-E48B-48EB-8CAC-2FC74203BEEE}.Release|x64.Build.0 = Release|x64
		{6BCF4B27-E48B-48EB-8CAC-2FC74203BEEE}.Release|x86.ActiveCfg = Release|Win32
		{6BCF4B27-E48B-48EB-8CAC-2FC74203BEEE}.Release|x86.Build.0 = Release|Win32
	EndGlobalSection
	GlobalSection(SolutionProperties) = preSolution
		HideSolutionNode = FALSE
	EndGlobalSection
	GlobalSection(ExtensibilityGlobals) = postSolution
		SolutionGuid = {D62CC90E-ED21-4AC9-9306-29C95CEBB0CA}
	EndGlobalSection
EndGlobal
